{
  "originHash" : "cb2e51a688f5d45de0c21b99d27fceb9e95867cbac09e768232e1f7984c6c9e7",
  "pins" : [
    {
      "identity" : "dockprogress",
      "kind" : "remoteSourceControl",
      "location" : "https://github.com/sindresorhus/DockProgress",
      "state" : {
        "revision" : "43ca0137201a479fbd891b129155f4a84c1e1b13",
        "version" : "5.1.0"
      }
    },
    {
      "identity" : "githubupdatechecker",
      "kind" : "remoteSourceControl",
      "location" : "https://github.com/RISCfuture/GitHubUpdateChecker",
      "state" : {
        "revision" : "38b306f65a75deadec10272a75871aebdfe90315",
        "version" : "2.0.0"
      }
    },
    {
      "identity" : "networkimage",
      "kind" : "remoteSourceControl",
      "location" : "https://github.com/gonzalezreal/NetworkImage",
      "state" : {
        "revision" : "2849f5323265386e200484b0d0f896e73c3411b9",
        "version" : "6.0.1"
      }
    },
    {
      "identity" : "sentry-cocoa",
      "kind" : "remoteSourceControl",
      "location" : "https://github.com/getsentry/sentry-cocoa",
      "state" : {
        "revision" : "cd213f98af160e6497eeff0707bc3f6a205b159c",
        "version" : "9.26.0"
      }
    },
    {
      "identity" : "swift-cmark",
      "kind" : "remoteSourceControl",
      "location" : "https://github.com/swiftlang/swift-cmark",
      "state" : {
        "revision" : "924936d0427cb25a61169739a7660230bffa6ea6",
        "version" : "0.8.0"
      }
    },
    {
      "identity" : "swift-log",
      "kind" : "remoteSourceControl",
      "location" : "https://github.com/apple/swift-log",
      "state" : {
        "revision" : "3ffafb9722d5d918c614feb496c8789a3b59d222",
        "version" : "1.15.0"
      }
    },
    {
      "identity" : "swift-markdown-ui",
      "kind" : "remoteSourceControl",
      "location" : "https://github.com/gonzalezreal/swift-markdown-ui",
      "state" : {
        "revision" : "5f613358148239d0292c0cef674a3c2314737f9e",
        "version" : "2.4.1"
      }
    },
    {
      "identity" : "xcuitestkit",
      "kind" : "remoteSourceControl",
      "location" : "https://github.com/RISCfuture/XCUITestKit",
      "state" : {
        "branch" : "main",
        "revision" : "797d5d183a67b0bb3034250d34d27f838f6cbab5"
      }
    }
  ],
  "version" : 3
}
